
Microsoft Visual Studio Solution File, Format Version 12.00
# Visual Studio Version 16
VisualStudioVersion = 16.0.31424.327
MinimumVisualStudioVersion = 10.0.40219.1
Project("{9A19103F-16F7-4668-BE54-9A1E7A4F7556}") = "CheckinApp", "CheckinApp\CheckinApp.csproj", "{D6B74150-4752-4C16-AC1C-A5C2CE9C6849}"
EndProject
Project("{2150E333-8FDC-42A3-9474-1A3956D46DE8}") = "pin", "pin", "{83188C40-72CB-4A7F-9748-DE7D342A11D5}"
	ProjectSection(SolutionItems) = preProject
		CheckinApp\pin_form.cs = CheckinApp\pin_form.cs
		CheckinApp\pin_form.Designer.cs = CheckinApp\pin_form.Designer.cs
		CheckinApp\pin_form.resx = CheckinApp\pin_form.resx
		CheckinApp\PinModel.cs = CheckinApp\PinModel.cs
	EndProjectSection
EndProject
Project("{2150E333-8FDC-42A3-9474-1A3956D46DE8}") = "user_details", "user_details", "{F2D3D384-F424-45D9-99C7-52447D9EEA38}"
	ProjectSection(SolutionItems) = preProject
		CheckinApp\user_details.cs = CheckinApp\user_details.cs
		CheckinApp\user_details.Designer.cs = CheckinApp\user_details.Designer.cs
		CheckinApp\user_details.resx = CheckinApp\user_details.resx
		UserDetails.cs = UserDetails.cs
	EndProjectSection
EndProject
Global
	GlobalSection(SolutionConfigurationPlatforms) = preSolution
		Debug|Any CPU = Debug|Any CPU
		Release|Any CPU = Release|Any CPU
	EndGlobalSection
	GlobalSection(ProjectConfigurationPlatforms) = postSolution
		{D6B74150-4752-4C16-AC1C-A5C2CE9C6849}.Debug|Any CPU.ActiveCfg = Debug|Any CPU
		{D6B74150-4752-4C16-AC1C-A5C2CE9C6849}.Debug|Any CPU.Build.0 = Debug|Any CPU
		{D6B74150-4752-4C16-AC1C-A5C2CE9C6849}.Release|Any CPU.ActiveCfg = Release|Any CPU
		{D6B74150-4752-4C16-AC1C-A5C2CE9C6849}.Release|Any CPU.Build.0 = Release|Any CPU
	EndGlobalSection
	GlobalSection(SolutionProperties) = preSolution
		HideSolutionNode = FALSE
	EndGlobalSection
	GlobalSection(ExtensibilityGlobals) = postSolution
		SolutionGuid = {17250167-A71B-404A-A890-199CCE66880B}
	EndGlobalSection
EndGlobal
